// !$*UTF8*$!
{
	archiveVersion = 1;
	classes = {
	};
	objectVersion = 50;
	objects = {

/* Begin PBXBuildFile section */
		3DE141C2279B6C2800117D06 /* AppDelegate.swift in Sources */ = {isa = PBXBuildFile; fileRef = 3DE141C1279B6C2800117D06 /* AppDelegate.swift */; };
		3DE141C4279B6C2800117D06 /* ViewController.swift in Sources */ = {isa = PBXBuildFile; fileRef = 3DE141C3279B6C2800117D06 /* ViewController.swift */; };
		3DE141C7279B6C2800117D06 /* Main.storyboard in Resources */ = {isa = PBXBuildFile; fileRef = 3DE141C5279B6C2800117D06 /* Main.storyboard */; };
		3DE141C9279B6C6C00117D06 /* Assets.xcassets in Resources */ = {isa = PBXBuildFile; fileRef = 3DE141C8279B6C6C00117D06 /* Assets.xcassets */; };
		3DE141CC279B6C6C00117D06 /* LaunchScreen.storyboard in Resources */ = {isa = PBXBuildFile; fileRef = 3DE141CA279B6C6C00117D06 /* LaunchScreen.storyboard */; };
		3DE141D4279B729300117D06 /* CellController.swift in Sources */ = {isa = PBXBuildFile; fileRef = 3DE141D3279B729300117D06 /* CellController.swift */; };
		3DE141DA279B7CC400117D06 /* Variantes.swift in Sources */ = {isa = PBXBuildFile; fileRef = 3DE141D9279B7CC400117D06 /* Variantes.swift */; };
		3DE141DE279B95C100117D06 /* DetallesController.swift in Sources */ = {isa = PBXBuildFile; fileRef = 3DE141DD279B95C100117D06 /* DetallesController.swift */; };
		3DE141E0279B9F3F00117D06 /* datos.csv in Resources */ = {isa = PBXBuildFile; fileRef = 3DE141DF279B9F3F00117D06 /* datos.csv */; };
/* End PBXBuildFile section */

/* Begin PBXFileReference section */
		3DE141BE279B6C2700117D06 /* TableViewsRecuerdo.app */ = {isa = PBXFileReference; explicitFileType = wrapper.application; includeInIndex = 0; path = TableViewsRecuerdo.app; sourceTree = BUILT_PRODUCTS_DIR; };
		3DE141C1279B6C2800117D06 /* AppDelegate.swift */ = {isa = PBXFileReference; lastKnownFileType = sourcecode.swift; path = AppDelegate.swift; sourceTree = "<group>"; };
		3DE141C3279B6C2800117D06 /* ViewController.swift */ = {isa = PBXFileReference; lastKnownFileType = sourcecode.swift; path = ViewController.swift; sourceTree = "<group>"; };
		3DE141C6279B6C2800117D06 /* Base */ = {isa = PBXFileReference; lastKnownFileType = file.storyboard; name = Base; path = Base.lproj/Main.storyboard; sourceTree = "<group>"; };
		3DE141C8279B6C6C00117D06 /* Assets.xcassets */ = {isa = PBXFileReference; lastKnownFileType = folder.assetcatalog; path = Assets.xcassets; sourceTree = "<group>"; };
		3DE141CB279B6C6C00117D06 /* Base */ = {isa = PBXFileReference; lastKnownFileType = file.storyboard; name = Base; path = Base.lproj/LaunchScreen.storyboard; sourceTree = "<group>"; };
		3DE141CD279B6C6C00117D06 /* Info.plist */ = {isa = PBXFileReference; lastKnownFileType = text.plist.xml; path = Info.plist; sourceTree = "<group>"; };
		3DE141D3279B729300117D06 /* CellController.swift */ = {isa = PBXFileReference; lastKnownFileType = sourcecode.swift; path = CellController.swift; sourceTree = "<group>"; };
		3DE141D9279B7CC400117D06 /* Variantes.swift */ = {isa = PBXFileReference; lastKnownFileType = sourcecode.swift; path = Variantes.swift; sourceTree = "<group>"; };
		3DE141DD279B95C100117D06 /* DetallesController.swift */ = {isa = PBXFileReference; lastKnownFileType = sourcecode.swift; path = DetallesController.swift; sourceTree = "<group>"; };
		3DE141DF279B9F3F00117D06 /* datos.csv */ = {isa = PBXFileReference; fileEncoding = 4; lastKnownFileType = text; name = datos.csv; path = ../../datos.csv; sourceTree = "<group>"; };
/* End PBXFileReference section */

/* Begin PBXFrameworksBuildPhase section */
		3DE141BB279B6C2600117D06 /* Frameworks */ = {
			isa = PBXFrameworksBuildPhase;
			buildActionMask = 2147483647;
			files = (
			);
			runOnlyForDeploymentPostprocessing = 0;
		};
/* End PBXFrameworksBuildPhase section */

/* Begin PBXGroup section */
		3DE141B5279B6C2500117D06 = {
			isa = PBXGroup;
			children = (
				3DE141C0279B6C2700117D06 /* TableViewsRecuerdo */,
				3DE141BF279B6C2700117D06 /* Products */,
			);
			sourceTree = "<group>";
		};
		3DE141BF279B6C2700117D06 /* Products */ = {
			isa = PBXGroup;
			children = (
				3DE141BE279B6C2700117D06 /* TableViewsRecuerdo.app */,
			);
			name = Products;
			sourceTree = "<group>";
		};
		3DE141C0279B6C2700117D06 /* TableViewsRecuerdo */ = {
			isa = PBXGroup;
			children = (
				3DE141C1279B6C2800117D06 /* AppDelegate.swift */,
				3DE141C3279B6C2800117D06 /* ViewController.swift */,
				3DE141C5279B6C2800117D06 /* Main.storyboard */,
				3DE141C8279B6C6C00117D06 /* Assets.xcassets */,
				3DE141CA279B6C6C00117D06 /* LaunchScreen.storyboard */,
				3DE141CD279B6C6C00117D06 /* Info.plist */,
				3DE141D3279B729300117D06 /* CellController.swift */,
				3DE141D9279B7CC400117D06 /* Variantes.swift */,
				3DE141DD279B95C100117D06 /* DetallesController.swift */,
				3DE141DF279B9F3F00117D06 /* datos.csv */,
			);
			path = TableViewsRecuerdo;
			sourceTree = "<group>";
		};
/* End PBXGroup section */

/* Begin PBXNativeTarget section */
		3DE141BD279B6C2600117D06 /* TableViewsRecuerdo */ = {
			isa = PBXNativeTarget;
			buildConfigurationList = 3DE141D0279B6C6D00117D06 /* Build configuration list for PBXNativeTarget "TableViewsRecuerdo" */;
			buildPhases = (
				3DE141BA279B6C2600117D06 /* Sources */,
				3DE141BB279B6C2600117D06 /* Frameworks */,
				3DE141BC279B6C2600117D06 /* Resources */,
			);
			buildRules = (
			);
			dependencies = (
			);
			name = TableViewsRecuerdo;
			productName = TableViewsRecuerdo;
			productReference = 3DE141BE279B6C2700117D06 /* TableViewsRecuerdo.app */;
			productType = "com.apple.product-type.application";
		};
/* End PBXNativeTarget section */

/* Begin PBXProject section */
		3DE141B6279B6C2500117D06 /* Project object */ = {
			isa = PBXProject;
			attributes = {
				LastSwiftUpdateCheck = 1030;
				LastUpgradeCheck = 1030;
				ORGANIZATIONNAME = Alumno;
				TargetAttributes = {
					3DE141BD279B6C2600117D06 = {
						CreatedOnToolsVersion = 10.3;
					};
				};
			};
			buildConfigurationList = 3DE141B9279B6C2500117D06 /* Build configuration list for PBXProject "TableViewsRecuerdo" */;
			compatibilityVersion = "Xcode 9.3";
			developmentRegion = en;
			hasScannedForEncodings = 0;
			knownRegions = (
				en,
				Base,
			);
			mainGroup = 3DE141B5279B6C2500117D06;
			productRefGroup = 3DE141BF279B6C2700117D06 /* Products */;
			projectDirPath = "";
			projectRoot = "";
			targets = (
				3DE141BD279B6C2600117D06 /* TableViewsRecuerdo */,
			);
		};
/* End PBXProject section */

/* Begin PBXResourcesBuildPhase section */
		3DE141BC279B6C2600117D06 /* Resources */ = {
			isa = PBXResourcesBuildPhase;
			buildActionMask = 2147483647;
			files = (
				3DE141CC279B6C6C00117D06 /* LaunchScreen.storyboard in Resources */,
				3DE141C9279B6C6C00117D06 /* Assets.xcassets in Resources */,
				3DE141E0279B9F3F00117D06 /* datos.csv in Resources */,
				3DE141C7279B6C2800117D06 /* Main.storyboard in Resources */,
			);
			runOnlyForDeploymentPostprocessing = 0;
		};
/* End PBXResourcesBuildPhase section */

/* Begin PBXSourcesBuildPhase section */
		3DE141BA279B6C2600117D06 /* Sources */ = {
			isa = PBXSourcesBuildPhase;
			buildActionMask = 2147483647;
			files = (
				3DE141D4279B729300117D06 /* CellController.swift in Sources */,
				3DE141DE279B95C100117D06 /* DetallesController.swift in Sources */,
				3DE141C4279B6C2800117D06 /* ViewController.swift in Sources */,
				3DE141C2279B6C2800117D06 /* AppDelegate.swift in Sources */,
				3DE141DA279B7CC400117D06 /* Variantes.swift in Sources */,
			);
			runOnlyForDeploymentPostprocessing = 0;
		};
/* End PBXSourcesBuildPhase section */

/* Begin PBXVariantGroup section */
		3DE141C5279B6C2800117D06 /* Main.storyboard */ = {
			isa = PBXVariantGroup;
			children = (
				3DE141C6279B6C2800117D06 /* Base */,
			);
			name = Main.storyboard;
			sourceTree = "<group>";
		};
		3DE141CA279B6C6C00117D06 /* LaunchScreen.storyboard */ = {
			isa = PBXVariantGroup;
			children = (
				3DE141CB279B6C6C00117D06 /* Base */,
			);
			name = LaunchScreen.storyboard;
			sourceTree = "<group>";
		};
/* End PBXVariantGroup section */

/* Begin XCBuildConfiguration section */
		3DE141CE279B6C6C00117D06 /* Debug */ = {
			isa = XCBuildConfiguration;
			buildSettings = {
				ALWAYS_SEARCH_USER_PATHS = NO;
				CLANG_ANALYZER_NONNULL = YES;
				CLANG_ANALYZER_NUMBER_OBJECT_CONVERSION = YES_AGGRESSIVE;
				CLANG_CXX_LANGUAGE_STANDARD = "gnu++14";
				CLANG_CXX_LIBRARY = "libc++";
				CLANG_ENABLE_MODULES = YES;
				CLANG_ENABLE_OBJC_ARC = YES;
				CLANG_ENABLE_OBJC_WEAK = YES;
				CLANG_WARN_BLOCK_CAPTURE_AUTORELEASING = YES;
				CLANG_WARN_BOOL_CONVERSION = YES;
				CLANG_WARN_COMMA = YES;
				CLANG_WARN_CONSTANT_CONVERSION = YES;
				CLANG_WARN_DEPRECATED_OBJC_IMPLEMENTATIONS = YES;
				CLANG_WARN_DIRECT_OBJC_ISA_USAGE = YES_ERROR;
				CLANG_WARN_DOCUMENTATION_COMMENTS = YES;
				CLANG_WARN_EMPTY_BODY = YES;
				CLANG_WARN_ENUM_CONVERSION = YES;
				CLANG_WARN_INFINITE_RECURSION = YES;
				CLANG_WARN_INT_CONVERSION = YES;
				CLANG_WARN_NON_LITERAL_NULL_CONVERSION = YES;
				CLANG_WARN_OBJC_IMPLICIT_RETAIN_SELF = YES;
				CLANG_WARN_OBJC_LITERAL_CONVERSION = YES;
				CLANG_WARN_OBJC_ROOT_CLASS = YES_ERROR;
				CLANG_WARN_RANGE_LOOP_ANALYSIS = YES;
				CLANG_WARN_STRICT_PROTOTYPES = YES;
				CLANG_WARN_SUSPICIOUS_MOVE = YES;
				CLANG_WARN_UNGUARDED_AVAILABILITY = YES_AGGRESSIVE;
				CLANG_WARN_UNREACHABLE_CODE = YES;
				CLANG_WARN__DUPLICATE_METHOD_MATCH = YES;
				CODE_SIGN_IDENTITY = "iPhone Developer";
				COPY_PHASE_STRIP = NO;
				DEBUG_INFORMATION_FORMAT = dwarf;
				ENABLE_STRICT_OBJC_MSGSEND = YES;
				ENABLE_TESTABILITY = YES;
				GCC_C_LANGUAGE_STANDARD = gnu11;
				GCC_DYNAMIC_NO_PIC = NO;
				GCC_NO_COMMON_BLOCKS = YES;
				GCC_OPTIMIZATION_LEVEL = 0;
				GCC_PREPROCESSOR_DEFINITIONS = (
					"DEBUG=1",
					"$(inherited)",
				);
				GCC_WARN_64_TO_32_BIT_CONVERSION = YES;
				GCC_WARN_ABOUT_RETURN_TYPE = YES_ERROR;
				GCC_WARN_UNDECLARED_SELECTOR = YES;
				GCC_WARN_UNINITIALIZED_AUTOS = YES_AGGRESSIVE;
				GCC_WARN_UNUSED_FUNCTION = YES;
				GCC_WARN_UNUSED_VARIABLE = YES;
				IPHONEOS_DEPLOYMENT_TARGET = 12.4;
				MTL_ENABLE_DEBUG_INFO = INCLUDE_SOURCE;
				MTL_FAST_MATH = YES;
				ONLY_ACTIVE_ARCH = YES;
				SDKROOT = iphoneos;
				SWIFT_ACTIVE_COMPILATION_CONDITIONS = DEBUG;
				SWIFT_OPTIMIZATION_LEVEL = "-Onone";
			};
			name = Debug;
		};
		3DE141CF279B6C6C00117D06 /* Release */ = {
			isa = XCBuildConfiguration;
			buildSettings = {
				ALWAYS_SEARCH_USER_PATHS = NO;
				CLANG_ANALYZER_NONNULL = YES;
				CLANG_ANALYZER_NUMBER_OBJECT_CONVERSION = YES_AGGRESSIVE;
				CLANG_CXX_LANGUAGE_STANDARD = "gnu++14";
				CLANG_CXX_LIBRARY = "libc++";
				CLANG_ENABLE_MODULES = YES;
				CLANG_ENABLE_OBJC_ARC = YES;
				CLANG_ENABLE_OBJC_WEAK = YES;
				CLANG_WARN_BLOCK_CAPTURE_AUTORELEASING = YES;
				CLANG_WARN_BOOL_CONVERSION = YES;
				CLANG_WARN_COMMA = YES;
				CLANG_WARN_CONSTANT_CONVERSION = YES;
				CLANG_WARN_DEPRECATED_OBJC_IMPLEMENTATIONS = YES;
				CLANG_WARN_DIRECT_OBJC_ISA_USAGE = YES_ERROR;
				CLANG_WARN_DOCUMENTATION_COMMENTS = YES;
				CLANG_WARN_EMPTY_BODY = YES;
				CLANG_WARN_ENUM_CONVERSION = YES;
				CLANG_WARN_INFINITE_RECURSION = YES;
				CLANG_WARN_INT_CONVERSION = YES;
				CLANG_WARN_NON_LITERAL_NULL_CONVERSION = YES;
				CLANG_WARN_OBJC_IMPLICIT_RETAIN_SELF = YES;
				CLANG_WARN_OBJC_LITERAL_CONVERSION = YES;
				CLANG_WARN_OBJC_ROOT_CLASS = YES_ERROR;
				CLANG_WARN_RANGE_LOOP_ANALYSIS = YES;
				CLANG_WARN_STRICT_PROTOTYPES = YES;
				CLANG_WARN_SUSPICIOUS_MOVE = YES;
				CLANG_WARN_UNGUARDED_AVAILABILITY = YES_AGGRESSIVE;
				CLANG_WARN_UNREACHABLE_CODE = YES;
				CLANG_WARN__DUPLICATE_METHOD_MATCH = YES;
				CODE_SIGN_IDENTITY = "iPhone Developer";
				COPY_PHASE_STRIP = NO;
				DEBUG_INFORMATION_FORMAT = "dwarf-with-dsym";
				ENABLE_NS_ASSERTIONS = NO;
				ENABLE_STRICT_OBJC_MSGSEND = YES;
				GCC_C_LANGUAGE_STANDARD = gnu11;
				GCC_NO_COMMON_BLOCKS = YES;
				GCC_WARN_64_TO_32_BIT_CONVERSION = YES;
				GCC_WARN_ABOUT_RETURN_TYPE = YES_ERROR;
				GCC_WARN_UNDECLARED_SELECTOR = YES;
				GCC_WARN_UNINITIALIZED_AUTOS = YES_AGGRESSIVE;
				GCC_WARN_UNUSED_FUNCTION = YES;
				GCC_WARN_UNUSED_VARIABLE = YES;
				IPHONEOS_DEPLOYMENT_TARGET = 12.4;
				MTL_ENABLE_DEBUG_INFO = NO;
				MTL_FAST_MATH = YES;
				SDKROOT = iphoneos;
				SWIFT_COMPILATION_MODE = wholemodule;
				SWIFT_OPTIMIZATION_LEVEL = "-O";
				VALIDATE_PRODUCT = YES;
			};
			name = Release;
		};
		3DE141D1279B6C6D00117D06 /* Debug */ = {
			isa = XCBuildConfiguration;
			buildSettings = {
				ASSETCATALOG_COMPILER_APPICON_NAME = AppIcon;
				CODE_SIGN_STYLE = Automatic;
				INFOPLIST_FILE = TableViewsRecuerdo/Info.plist;
				LD_RUNPATH_SEARCH_PATHS = (
					"$(inherited)",
					"@executable_path/Frameworks",
				);
				PRODUCT_BUNDLE_IDENTIFIER = edu.ulsa.TableViewsRecuerdo;
				PRODUCT_NAME = "$(TARGET_NAME)";
				SWIFT_VERSION = 5.0;
				TARGETED_DEVICE_FAMILY = "1,2";
			};
			name = Debug;
		};
		3DE141D2279B6C6D00117D06 /* Release */ = {
			isa = XCBuildConfiguration;
			buildSettings = {
				ASSETCATALOG_COMPILER_APPICON_NAME = AppIcon;
				CODE_SIGN_STYLE = Automatic;
				INFOPLIST_FILE = TableViewsRecuerdo/Info.plist;
				LD_RUNPATH_SEARCH_PATHS = (
					"$(inherited)",
					"@executable_path/Frameworks",
				);
				PRODUCT_BUNDLE_IDENTIFIER = edu.ulsa.TableViewsRecuerdo;
				PRODUCT_NAME = "$(TARGET_NAME)";
				SWIFT_VERSION = 5.0;
				TARGETED_DEVICE_FAMILY = "1,2";
			};
			name = Release;
		};
/* End XCBuildConfiguration section */

/* Begin XCConfigurationList section */
		3DE141B9279B6C2500117D06 /* Build configuration list for PBXProject "TableViewsRecuerdo" */ = {
			isa = XCConfigurationList;
			buildConfigurations = (
				3DE141CE279B6C6C00117D06 /* Debug */,
				3DE141CF279B6C6C00117D06 /* Release */,
			);
			defaultConfigurationIsVisible = 0;
			defaultConfigurationName = Release;
		};
		3DE141D0279B6C6D00117D06 /* Build configuration list for PBXNativeTarget "TableViewsRecuerdo" */ = {
			isa = XCConfigurationList;
			buildConfigurations = (
				3DE141D1279B6C6D00117D06 /* Debug */,
				3DE141D2279B6C6D00117D06 /* Release */,
			);
			defaultConfigurationIsVisible = 0;
			defaultConfigurationName = Release;
		};
/* End XCConfigurationList section */
	};
	rootObject = 3DE141B6279B6C2500117D06 /* Project object */;
}
