// !$*UTF8*$!
{
	archiveVersion = 1;
	classes = {
	};
	objectVersion = 55;
	objects = {

/* Begin PBXBuildFile section */
		5220D54B28408964003689FA /* CapturaEncuesta.swift in Sources */ = {isa = PBXBuildFile; fileRef = 5220D54A28408964003689FA /* CapturaEncuesta.swift */; };
		5220D54D2840901B003689FA /* Global.swift in Sources */ = {isa = PBXBuildFile; fileRef = 5220D54C2840901B003689FA /* Global.swift */; };
		52665133282E1BC200075493 /* AppDelegate.swift in Sources */ = {isa = PBXBuildFile; fileRef = 52665132282E1BC200075493 /* AppDelegate.swift */; };
		52665135282E1BC200075493 /* SceneDelegate.swift in Sources */ = {isa = PBXBuildFile; fileRef = 52665134282E1BC200075493 /* SceneDelegate.swift */; };
		52665137282E1BC200075493 /* ViewController.swift in Sources */ = {isa = PBXBuildFile; fileRef = 52665136282E1BC200075493 /* ViewController.swift */; };
		5266513A282E1BC200075493 /* Main.storyboard in Resources */ = {isa = PBXBuildFile; fileRef = 52665138282E1BC200075493 /* Main.storyboard */; };
		5266513C282E1BC600075493 /* Assets.xcassets in Resources */ = {isa = PBXBuildFile; fileRef = 5266513B282E1BC600075493 /* Assets.xcassets */; };
		5266513F282E1BC600075493 /* LaunchScreen.storyboard in Resources */ = {isa = PBXBuildFile; fileRef = 5266513D282E1BC600075493 /* LaunchScreen.storyboard */; };
		52665147282E24AF00075493 /* GifToImage.swift in Sources */ = {isa = PBXBuildFile; fileRef = 52665146282E24AF00075493 /* GifToImage.swift */; };
		52665149282E276400075493 /* gif.gif in Resources */ = {isa = PBXBuildFile; fileRef = 52665148282E276300075493 /* gif.gif */; };
		5266514D282E33D700075493 /* SegundoViewController.swift in Sources */ = {isa = PBXBuildFile; fileRef = 5266514C282E33D700075493 /* SegundoViewController.swift */; };
		5266514F282E3E7000075493 /* TercerViewController.swift in Sources */ = {isa = PBXBuildFile; fileRef = 5266514E282E3E7000075493 /* TercerViewController.swift */; };
/* End PBXBuildFile section */

/* Begin PBXFileReference section */
		5220D54A28408964003689FA /* CapturaEncuesta.swift */ = {isa = PBXFileReference; lastKnownFileType = sourcecode.swift; path = CapturaEncuesta.swift; sourceTree = "<group>"; };
		5220D54C2840901B003689FA /* Global.swift */ = {isa = PBXFileReference; lastKnownFileType = sourcecode.swift; path = Global.swift; sourceTree = "<group>"; };
		5266512F282E1BC200075493 /* FinalMoviles.app */ = {isa = PBXFileReference; explicitFileType = wrapper.application; includeInIndex = 0; path = FinalMoviles.app; sourceTree = BUILT_PRODUCTS_DIR; };
		52665132282E1BC200075493 /* AppDelegate.swift */ = {isa = PBXFileReference; lastKnownFileType = sourcecode.swift; path = AppDelegate.swift; sourceTree = "<group>"; };
		52665134282E1BC200075493 /* SceneDelegate.swift */ = {isa = PBXFileReference; lastKnownFileType = sourcecode.swift; path = SceneDelegate.swift; sourceTree = "<group>"; };
		52665136282E1BC200075493 /* ViewController.swift */ = {isa = PBXFileReference; lastKnownFileType = sourcecode.swift; path = ViewController.swift; sourceTree = "<group>"; };
		52665139282E1BC200075493 /* Base */ = {isa = PBXFileReference; lastKnownFileType = file.storyboard; name = Base; path = Base.lproj/Main.storyboard; sourceTree = "<group>"; };
		5266513B282E1BC600075493 /* Assets.xcassets */ = {isa = PBXFileReference; lastKnownFileType = folder.assetcatalog; path = Assets.xcassets; sourceTree = "<group>"; };
		5266513E282E1BC600075493 /* Base */ = {isa = PBXFileReference; lastKnownFileType = file.storyboard; name = Base; path = Base.lproj/LaunchScreen.storyboard; sourceTree = "<group>"; };
		52665140282E1BC600075493 /* Info.plist */ = {isa = PBXFileReference; lastKnownFileType = text.plist.xml; path = Info.plist; sourceTree = "<group>"; };
		52665146282E24AF00075493 /* GifToImage.swift */ = {isa = PBXFileReference; lastKnownFileType = sourcecode.swift; path = GifToImage.swift; sourceTree = "<group>"; };
		52665148282E276300075493 /* gif.gif */ = {isa = PBXFileReference; lastKnownFileType = image.gif; path = gif.gif; sourceTree = "<group>"; };
		5266514C282E33D700075493 /* SegundoViewController.swift */ = {isa = PBXFileReference; lastKnownFileType = sourcecode.swift; path = SegundoViewController.swift; sourceTree = "<group>"; };
		5266514E282E3E7000075493 /* TercerViewController.swift */ = {isa = PBXFileReference; lastKnownFileType = sourcecode.swift; path = TercerViewController.swift; sourceTree = "<group>"; };
/* End PBXFileReference section */

/* Begin PBXFrameworksBuildPhase section */
		5266512C282E1BC200075493 /* Frameworks */ = {
			isa = PBXFrameworksBuildPhase;
			buildActionMask = 2147483647;
			files = (
			);
			runOnlyForDeploymentPostprocessing = 0;
		};
/* End PBXFrameworksBuildPhase section */

/* Begin PBXGroup section */
		52665126282E1BC200075493 = {
			isa = PBXGroup;
			children = (
				52665131282E1BC200075493 /* FinalMoviles */,
				52665130282E1BC200075493 /* Products */,
			);
			sourceTree = "<group>";
		};
		52665130282E1BC200075493 /* Products */ = {
			isa = PBXGroup;
			children = (
				5266512F282E1BC200075493 /* FinalMoviles.app */,
			);
			name = Products;
			sourceTree = "<group>";
		};
		52665131282E1BC200075493 /* FinalMoviles */ = {
			isa = PBXGroup;
			children = (
				52665148282E276300075493 /* gif.gif */,
				52665132282E1BC200075493 /* AppDelegate.swift */,
				52665134282E1BC200075493 /* SceneDelegate.swift */,
				52665136282E1BC200075493 /* ViewController.swift */,
				52665138282E1BC200075493 /* Main.storyboard */,
				5266513B282E1BC600075493 /* Assets.xcassets */,
				5266513D282E1BC600075493 /* LaunchScreen.storyboard */,
				52665140282E1BC600075493 /* Info.plist */,
				52665146282E24AF00075493 /* GifToImage.swift */,
				5266514C282E33D700075493 /* SegundoViewController.swift */,
				5266514E282E3E7000075493 /* TercerViewController.swift */,
				5220D54A28408964003689FA /* CapturaEncuesta.swift */,
				5220D54C2840901B003689FA /* Global.swift */,
			);
			path = FinalMoviles;
			sourceTree = "<group>";
		};
/* End PBXGroup section */

/* Begin PBXNativeTarget section */
		5266512E282E1BC200075493 /* FinalMoviles */ = {
			isa = PBXNativeTarget;
			buildConfigurationList = 52665143282E1BC600075493 /* Build configuration list for PBXNativeTarget "FinalMoviles" */;
			buildPhases = (
				5266512B282E1BC200075493 /* Sources */,
				5266512C282E1BC200075493 /* Frameworks */,
				5266512D282E1BC200075493 /* Resources */,
			);
			buildRules = (
			);
			dependencies = (
			);
			name = FinalMoviles;
			productName = FinalMoviles;
			productReference = 5266512F282E1BC200075493 /* FinalMoviles.app */;
			productType = "com.apple.product-type.application";
		};
/* End PBXNativeTarget section */

/* Begin PBXProject section */
		52665127282E1BC200075493 /* Project object */ = {
			isa = PBXProject;
			attributes = {
				BuildIndependentTargetsInParallel = 1;
				LastSwiftUpdateCheck = 1330;
				LastUpgradeCheck = 1330;
				TargetAttributes = {
					5266512E282E1BC200075493 = {
						CreatedOnToolsVersion = 13.3.1;
					};
				};
			};
			buildConfigurationList = 5266512A282E1BC200075493 /* Build configuration list for PBXProject "FinalMoviles" */;
			compatibilityVersion = "Xcode 13.0";
			developmentRegion = en;
			hasScannedForEncodings = 0;
			knownRegions = (
				en,
				Base,
			);
			mainGroup = 52665126282E1BC200075493;
			productRefGroup = 52665130282E1BC200075493 /* Products */;
			projectDirPath = "";
			projectRoot = "";
			targets = (
				5266512E282E1BC200075493 /* FinalMoviles */,
			);
		};
/* End PBXProject section */

/* Begin PBXResourcesBuildPhase section */
		5266512D282E1BC200075493 /* Resources */ = {
			isa = PBXResourcesBuildPhase;
			buildActionMask = 2147483647;
			files = (
				5266513F282E1BC600075493 /* LaunchScreen.storyboard in Resources */,
				52665149282E276400075493 /* gif.gif in Resources */,
				5266513C282E1BC600075493 /* Assets.xcassets in Resources */,
				5266513A282E1BC200075493 /* Main.storyboard in Resources */,
			);
			runOnlyForDeploymentPostprocessing = 0;
		};
/* End PBXResourcesBuildPhase section */

/* Begin PBXSourcesBuildPhase section */
		5266512B282E1BC200075493 /* Sources */ = {
			isa = PBXSourcesBuildPhase;
			buildActionMask = 2147483647;
			files = (
				5220D54D2840901B003689FA /* Global.swift in Sources */,
				52665137282E1BC200075493 /* ViewController.swift in Sources */,
				52665133282E1BC200075493 /* AppDelegate.swift in Sources */,
				52665135282E1BC200075493 /* SceneDelegate.swift in Sources */,
				52665147282E24AF00075493 /* GifToImage.swift in Sources */,
				5266514D282E33D700075493 /* SegundoViewController.swift in Sources */,
				5220D54B28408964003689FA /* CapturaEncuesta.swift in Sources */,
				5266514F282E3E7000075493 /* TercerViewController.swift in Sources */,
			);
			runOnlyForDeploymentPostprocessing = 0;
		};
/* End PBXSourcesBuildPhase section */

/* Begin PBXVariantGroup section */
		52665138282E1BC200075493 /* Main.storyboard */ = {
			isa = PBXVariantGroup;
			children = (
				52665139282E1BC200075493 /* Base */,
			);
			name = Main.storyboard;
			sourceTree = "<group>";
		};
		5266513D282E1BC600075493 /* LaunchScreen.storyboard */ = {
			isa = PBXVariantGroup;
			children = (
				5266513E282E1BC600075493 /* Base */,
			);
			name = LaunchScreen.storyboard;
			sourceTree = "<group>";
		};
/* End PBXVariantGroup section */

/* Begin XCBuildConfiguration section */
		52665141282E1BC600075493 /* Debug */ = {
			isa = XCBuildConfiguration;
			buildSettings = {
				ALWAYS_SEARCH_USER_PATHS = NO;
				CLANG_ANALYZER_NONNULL = YES;
				CLANG_ANALYZER_NUMBER_OBJECT_CONVERSION = YES_AGGRESSIVE;
				CLANG_CXX_LANGUAGE_STANDARD = "gnu++17";
				CLANG_ENABLE_MODULES = YES;
				CLANG_ENABLE_OBJC_ARC = YES;
				CLANG_ENABLE_OBJC_WEAK = YES;
				CLANG_WARN_BLOCK_CAPTURE_AUTORELEASING = YES;
				CLANG_WARN_BOOL_CONVERSION = YES;
				CLANG_WARN_COMMA = YES;
				CLANG_WARN_CONSTANT_CONVERSION = YES;
				CLANG_WARN_DEPRECATED_OBJC_IMPLEMENTATIONS = YES;
				CLANG_WARN_DIRECT_OBJC_ISA_USAGE = YES_ERROR;
				CLANG_WARN_DOCUMENTATION_COMMENTS = YES;
				CLANG_WARN_EMPTY_BODY = YES;
				CLANG_WARN_ENUM_CONVERSION = YES;
				CLANG_WARN_INFINITE_RECURSION = YES;
				CLANG_WARN_INT_CONVERSION = YES;
				CLANG_WARN_NON_LITERAL_NULL_CONVERSION = YES;
				CLANG_WARN_OBJC_IMPLICIT_RETAIN_SELF = YES;
				CLANG_WARN_OBJC_LITERAL_CONVERSION = YES;
				CLANG_WARN_OBJC_ROOT_CLASS = YES_ERROR;
				CLANG_WARN_QUOTED_INCLUDE_IN_FRAMEWORK_HEADER = YES;
				CLANG_WARN_RANGE_LOOP_ANALYSIS = YES;
				CLANG_WARN_STRICT_PROTOTYPES = YES;
				CLANG_WARN_SUSPICIOUS_MOVE = YES;
				CLANG_WARN_UNGUARDED_AVAILABILITY = YES_AGGRESSIVE;
				CLANG_WARN_UNREACHABLE_CODE = YES;
				CLANG_WARN__DUPLICATE_METHOD_MATCH = YES;
				COPY_PHASE_STRIP = NO;
				DEBUG_INFORMATION_FORMAT = dwarf;
				ENABLE_STRICT_OBJC_MSGSEND = YES;
				ENABLE_TESTABILITY = YES;
				GCC_C_LANGUAGE_STANDARD = gnu11;
				GCC_DYNAMIC_NO_PIC = NO;
				GCC_NO_COMMON_BLOCKS = YES;
				GCC_OPTIMIZATION_LEVEL = 0;
				GCC_PREPROCESSOR_DEFINITIONS = (
					"DEBUG=1",
					"$(inherited)",
				);
				GCC_WARN_64_TO_32_BIT_CONVERSION = YES;
				GCC_WARN_ABOUT_RETURN_TYPE = YES_ERROR;
				GCC_WARN_UNDECLARED_SELECTOR = YES;
				GCC_WARN_UNINITIALIZED_AUTOS = YES_AGGRESSIVE;
				GCC_WARN_UNUSED_FUNCTION = YES;
				GCC_WARN_UNUSED_VARIABLE = YES;
				IPHONEOS_DEPLOYMENT_TARGET = 15.4;
				MTL_ENABLE_DEBUG_INFO = INCLUDE_SOURCE;
				MTL_FAST_MATH = YES;
				ONLY_ACTIVE_ARCH = YES;
				SDKROOT = iphoneos;
				SWIFT_ACTIVE_COMPILATION_CONDITIONS = DEBUG;
				SWIFT_OPTIMIZATION_LEVEL = "-Onone";
			};
			name = Debug;
		};
		52665142282E1BC600075493 /* Release */ = {
			isa = XCBuildConfiguration;
			buildSettings = {
				ALWAYS_SEARCH_USER_PATHS = NO;
				CLANG_ANALYZER_NONNULL = YES;
				CLANG_ANALYZER_NUMBER_OBJECT_CONVERSION = YES_AGGRESSIVE;
				CLANG_CXX_LANGUAGE_STANDARD = "gnu++17";
				CLANG_ENABLE_MODULES = YES;
				CLANG_ENABLE_OBJC_ARC = YES;
				CLANG_ENABLE_OBJC_WEAK = YES;
				CLANG_WARN_BLOCK_CAPTURE_AUTORELEASING = YES;
				CLANG_WARN_BOOL_CONVERSION = YES;
				CLANG_WARN_COMMA = YES;
				CLANG_WARN_CONSTANT_CONVERSION = YES;
				CLANG_WARN_DEPRECATED_OBJC_IMPLEMENTATIONS = YES;
				CLANG_WARN_DIRECT_OBJC_ISA_USAGE = YES_ERROR;
				CLANG_WARN_DOCUMENTATION_COMMENTS = YES;
				CLANG_WARN_EMPTY_BODY = YES;
				CLANG_WARN_ENUM_CONVERSION = YES;
				CLANG_WARN_INFINITE_RECURSION = YES;
				CLANG_WARN_INT_CONVERSION = YES;
				CLANG_WARN_NON_LITERAL_NULL_CONVERSION = YES;
				CLANG_WARN_OBJC_IMPLICIT_RETAIN_SELF = YES;
				CLANG_WARN_OBJC_LITERAL_CONVERSION = YES;
				CLANG_WARN_OBJC_ROOT_CLASS = YES_ERROR;
				CLANG_WARN_QUOTED_INCLUDE_IN_FRAMEWORK_HEADER = YES;
				CLANG_WARN_RANGE_LOOP_ANALYSIS = YES;
				CLANG_WARN_STRICT_PROTOTYPES = YES;
				CLANG_WARN_SUSPICIOUS_MOVE = YES;
				CLANG_WARN_UNGUARDED_AVAILABILITY = YES_AGGRESSIVE;
				CLANG_WARN_UNREACHABLE_CODE = YES;
				CLANG_WARN__DUPLICATE_METHOD_MATCH = YES;
				COPY_PHASE_STRIP = NO;
				DEBUG_INFORMATION_FORMAT = "dwarf-with-dsym";
				ENABLE_NS_ASSERTIONS = NO;
				ENABLE_STRICT_OBJC_MSGSEND = YES;
				GCC_C_LANGUAGE_STANDARD = gnu11;
				GCC_NO_COMMON_BLOCKS = YES;
				GCC_WARN_64_TO_32_BIT_CONVERSION = YES;
				GCC_WARN_ABOUT_RETURN_TYPE = YES_ERROR;
				GCC_WARN_UNDECLARED_SELECTOR = YES;
				GCC_WARN_UNINITIALIZED_AUTOS = YES_AGGRESSIVE;
				GCC_WARN_UNUSED_FUNCTION = YES;
				GCC_WARN_UNUSED_VARIABLE = YES;
				IPHONEOS_DEPLOYMENT_TARGET = 15.4;
				MTL_ENABLE_DEBUG_INFO = NO;
				MTL_FAST_MATH = YES;
				SDKROOT = iphoneos;
				SWIFT_COMPILATION_MODE = wholemodule;
				SWIFT_OPTIMIZATION_LEVEL = "-O";
				VALIDATE_PRODUCT = YES;
			};
			name = Release;
		};
		52665144282E1BC600075493 /* Debug */ = {
			isa = XCBuildConfiguration;
			buildSettings = {
				ASSETCATALOG_COMPILER_APPICON_NAME = AppIcon;
				ASSETCATALOG_COMPILER_GLOBAL_ACCENT_COLOR_NAME = AccentColor;
				CODE_SIGN_STYLE = Automatic;
				CURRENT_PROJECT_VERSION = 1;
				GENERATE_INFOPLIST_FILE = YES;
				INFOPLIST_FILE = FinalMoviles/Info.plist;
				INFOPLIST_KEY_UIApplicationSupportsIndirectInputEvents = YES;
				INFOPLIST_KEY_UILaunchStoryboardName = LaunchScreen;
				INFOPLIST_KEY_UIMainStoryboardFile = Main;
				INFOPLIST_KEY_UISupportedInterfaceOrientations_iPad = "UIInterfaceOrientationPortrait UIInterfaceOrientationPortraitUpsideDown UIInterfaceOrientationLandscapeLeft UIInterfaceOrientationLandscapeRight";
				INFOPLIST_KEY_UISupportedInterfaceOrientations_iPhone = "UIInterfaceOrientationPortrait UIInterfaceOrientationLandscapeLeft UIInterfaceOrientationLandscapeRight";
				LD_RUNPATH_SEARCH_PATHS = (
					"$(inherited)",
					"@executable_path/Frameworks",
				);
				MARKETING_VERSION = 1.0;
				PRODUCT_BUNDLE_IDENTIFIER = ulsa.FinalMoviles;
				PRODUCT_NAME = "$(TARGET_NAME)";
				SWIFT_EMIT_LOC_STRINGS = YES;
				SWIFT_VERSION = 5.0;
				TARGETED_DEVICE_FAMILY = "1,2";
			};
			name = Debug;
		};
		52665145282E1BC600075493 /* Release */ = {
			isa = XCBuildConfiguration;
			buildSettings = {
				ASSETCATALOG_COMPILER_APPICON_NAME = AppIcon;
				ASSETCATALOG_COMPILER_GLOBAL_ACCENT_COLOR_NAME = AccentColor;
				CODE_SIGN_STYLE = Automatic;
				CURRENT_PROJECT_VERSION = 1;
				GENERATE_INFOPLIST_FILE = YES;
				INFOPLIST_FILE = FinalMoviles/Info.plist;
				INFOPLIST_KEY_UIApplicationSupportsIndirectInputEvents = YES;
				INFOPLIST_KEY_UILaunchStoryboardName = LaunchScreen;
				INFOPLIST_KEY_UIMainStoryboardFile = Main;
				INFOPLIST_KEY_UISupportedInterfaceOrientations_iPad = "UIInterfaceOrientationPortrait UIInterfaceOrientationPortraitUpsideDown UIInterfaceOrientationLandscapeLeft UIInterfaceOrientationLandscapeRight";
				INFOPLIST_KEY_UISupportedInterfaceOrientations_iPhone = "UIInterfaceOrientationPortrait UIInterfaceOrientationLandscapeLeft UIInterfaceOrientationLandscapeRight";
				LD_RUNPATH_SEARCH_PATHS = (
					"$(inherited)",
					"@executable_path/Frameworks",
				);
				MARKETING_VERSION = 1.0;
				PRODUCT_BUNDLE_IDENTIFIER = ulsa.FinalMoviles;
				PRODUCT_NAME = "$(TARGET_NAME)";
				SWIFT_EMIT_LOC_STRINGS = YES;
				SWIFT_VERSION = 5.0;
				TARGETED_DEVICE_FAMILY = "1,2";
			};
			name = Release;
		};
/* End XCBuildConfiguration section */

/* Begin XCConfigurationList section */
		5266512A282E1BC200075493 /* Build configuration list for PBXProject "FinalMoviles" */ = {
			isa = XCConfigurationList;
			buildConfigurations = (
				52665141282E1BC600075493 /* Debug */,
				52665142282E1BC600075493 /* Release */,
			);
			defaultConfigurationIsVisible = 0;
			defaultConfigurationName = Release;
		};
		52665143282E1BC600075493 /* Build configuration list for PBXNativeTarget "FinalMoviles" */ = {
			isa = XCConfigurationList;
			buildConfigurations = (
				52665144282E1BC600075493 /* Debug */,
				52665145282E1BC600075493 /* Release */,
			);
			defaultConfigurationIsVisible = 0;
			defaultConfigurationName = Release;
		};
/* End XCConfigurationList section */
	};
	rootObject = 52665127282E1BC200075493 /* Project object */;
}
